
Microsoft Visual Studio Solution File, Format Version 12.00
# Visual Studio Version 17
VisualStudioVersion = 17.14.36127.28 d17.14
MinimumVisualStudioVersion = 10.0.40219.1
Project("{FAE04EC0-301F-11D3-BF4B-00C04F79EFBC}") = "BackendTest", "BackendTest.csproj", "{DE543111-B65A-4474-93EC-18628860C492}"
EndProject
Global
	GlobalSection(SolutionConfigurationPlatforms) = preSolution
		Debug|Any CPU = Debug|Any CPU
		Release|Any CPU = Release|Any CPU
	EndGlobalSection
	GlobalSection(ProjectConfigurationPlatforms) = postSolution
		{DE543111-B65A-4474-93EC-18628860C492}.Debug|Any CPU.ActiveCfg = Debug|Any CPU
		{DE543111-B65A-4474-93EC-18628860C492}.Debug|Any CPU.Build.0 = Debug|Any CPU
		{DE543111-B65A-4474-93EC-18628860C492}.Release|Any CPU.ActiveCfg = Release|Any CPU
		{DE543111-B65A-4474-93EC-18628860C492}.Release|Any CPU.Build.0 = Release|Any CPU
	EndGlobalSection
	GlobalSection(SolutionProperties) = preSolution
		HideSolutionNode = FALSE
	EndGlobalSection
	GlobalSection(ExtensibilityGlobals) = postSolution
		SolutionGuid = {A53E2054-DEFA-4A05-9AF9-088524844FAF}
	EndGlobalSection
EndGlobal
